
Microsoft Visual Studio Solution File, Format Version 12.00
# Visual Studio Version 16
VisualStudioVersion = 16.0.29728.190
MinimumVisualStudioVersion = 10.0.40219.1
Project("{FAE04EC0-301F-11D3-BF4B-00C04F79EFBC}") = "AplicacionListaEmpleadosFinal", "AplicacionListaEmpleadosFinal.csproj", "{643D3BB6-59BA-4EFD-860B-8D89D9A621B3}"
EndProject
Global
	GlobalSection(SolutionConfigurationPlatforms) = preSolution
		Debug|Any CPU = Debug|Any CPU
		Release|Any CPU = Release|Any CPU
	EndGlobalSection
	GlobalSection(ProjectConfigurationPlatforms) = postSolution
		{643D3BB6-59BA-4EFD-860B-8D89D9A621B3}.Debug|Any CPU.ActiveCfg = Debug|Any CPU
		{643D3BB6-59BA-4EFD-860B-8D89D9A621B3}.Debug|Any CPU.Build.0 = Debug|Any CPU
		{643D3BB6-59BA-4EFD-860B-8D89D9A621B3}.Release|Any CPU.ActiveCfg = Release|Any CPU
		{643D3BB6-59BA-4EFD-860B-8D89D9A621B3}.Release|Any CPU.Build.0 = Release|Any CPU
	EndGlobalSection
	GlobalSection(SolutionProperties) = preSolution
		HideSolutionNode = FALSE
	EndGlobalSection
	GlobalSection(ExtensibilityGlobals) = postSolution
		SolutionGuid = {66106919-F0CF-4968-A6E2-6970E7178F1F}
	EndGlobalSection
EndGlobal
